
Microsoft Visual Studio Solution File, Format Version 12.00
# Visual Studio Version 17
VisualStudioVersion = 17.0.31903.59
MinimumVisualStudioVersion = 10.0.40219.1
Project("{FAE04EC0-301F-11D3-BF4B-00C04F79EFBC}") = "task01", "task01\task01.csproj", "{6F074916-BC97-4C26-87BF-2B0363BA1068}"
EndProject
Project("{FAE04EC0-301F-11D3-BF4B-00C04F79EFBC}") = "task01tests", "task01tests\task01tests.csproj", "{AE7F6A4F-8861-45C6-BD46-9C2D72E49AC2}"
EndProject
Global
	GlobalSection(SolutionConfigurationPlatforms) = preSolution
		Debug|Any CPU = Debug|Any CPU
		Release|Any CPU = Release|Any CPU
	EndGlobalSection
	GlobalSection(SolutionProperties) = preSolution
		HideSolutionNode = FALSE
	EndGlobalSection
	GlobalSection(ProjectConfigurationPlatforms) = postSolution
		{6F074916-BC97-4C26-87BF-2B0363BA1068}.Debug|Any CPU.ActiveCfg = Debug|Any CPU
		{6F074916-BC97-4C26-87BF-2B0363BA1068}.Debug|Any CPU.Build.0 = Debug|Any CPU
		{6F074916-BC97-4C26-87BF-2B0363BA1068}.Release|Any CPU.ActiveCfg = Release|Any CPU
		{6F074916-BC97-4C26-87BF-2B0363BA1068}.Release|Any CPU.Build.0 = Release|Any CPU
		{AE7F6A4F-8861-45C6-BD46-9C2D72E49AC2}.Debug|Any CPU.ActiveCfg = Debug|Any CPU
		{AE7F6A4F-8861-45C6-BD46-9C2D72E49AC2}.Debug|Any CPU.Build.0 = Debug|Any CPU
		{AE7F6A4F-8861-45C6-BD46-9C2D72E49AC2}.Release|Any CPU.ActiveCfg = Release|Any CPU
		{AE7F6A4F-8861-45C6-BD46-9C2D72E49AC2}.Release|Any CPU.Build.0 = Release|Any CPU
	EndGlobalSection
EndGlobal
