
Microsoft Visual Studio Solution File, Format Version 12.00
# Visual Studio Version 17
VisualStudioVersion = 17.0.31903.59
MinimumVisualStudioVersion = 10.0.40219.1
Project("{FAE04EC0-301F-11D3-BF4B-00C04F79EFBC}") = "task14", "task14\task14.csproj", "{B2139CE9-6F54-4CE2-BD09-DF473827A9FB}"
EndProject
Project("{FAE04EC0-301F-11D3-BF4B-00C04F79EFBC}") = "task14tests", "task14tests\task14tests.csproj", "{48CEABBA-FC66-4B0B-9554-142B0AC6816F}"
EndProject
Global
	GlobalSection(SolutionConfigurationPlatforms) = preSolution
		Debug|Any CPU = Debug|Any CPU
		Release|Any CPU = Release|Any CPU
	EndGlobalSection
	GlobalSection(SolutionProperties) = preSolution
		HideSolutionNode = FALSE
	EndGlobalSection
	GlobalSection(ProjectConfigurationPlatforms) = postSolution
		{B2139CE9-6F54-4CE2-BD09-DF473827A9FB}.Debug|Any CPU.ActiveCfg = Debug|Any CPU
		{B2139CE9-6F54-4CE2-BD09-DF473827A9FB}.Debug|Any CPU.Build.0 = Debug|Any CPU
		{B2139CE9-6F54-4CE2-BD09-DF473827A9FB}.Release|Any CPU.ActiveCfg = Release|Any CPU
		{B2139CE9-6F54-4CE2-BD09-DF473827A9FB}.Release|Any CPU.Build.0 = Release|Any CPU
		{48CEABBA-FC66-4B0B-9554-142B0AC6816F}.Debug|Any CPU.ActiveCfg = Debug|Any CPU
		{48CEABBA-FC66-4B0B-9554-142B0AC6816F}.Debug|Any CPU.Build.0 = Debug|Any CPU
		{48CEABBA-FC66-4B0B-9554-142B0AC6816F}.Release|Any CPU.ActiveCfg = Release|Any CPU
		{48CEABBA-FC66-4B0B-9554-142B0AC6816F}.Release|Any CPU.Build.0 = Release|Any CPU
	EndGlobalSection
EndGlobal
